
Microsoft Visual Studio Solution File, Format Version 12.00
# Visual Studio Version 16
VisualStudioVersion = 16.0.30406.217
MinimumVisualStudioVersion = 10.0.40219.1
Project("{2150E333-8FDC-42A3-9474-1A3956D46DE8}") = "API", "API", "{80CAABF1-9AB3-4C8D-9FB3-1DD89717DF6E}"
EndProject
Project("{9A19103F-16F7-4668-BE54-9A1E7A4F7556}") = "JobSearch.API", "JobSearch.API\JobSearch.API.csproj", "{DA401E3E-DD95-4007-A088-413D4DE766DB}"
EndProject
Project("{2150E333-8FDC-42A3-9474-1A3956D46DE8}") = "Domain", "Domain", "{23BCB688-CDAF-4A08-B785-1F0152A0C86D}"
EndProject
Project("{9A19103F-16F7-4668-BE54-9A1E7A4F7556}") = "JobSearch.Domain", "JobSearch.Domain\JobSearch.Domain.csproj", "{686A40B0-8437-4403-9C44-56A53BF1565D}"
EndProject
Project("{2150E333-8FDC-42A3-9474-1A3956D46DE8}") = "APP", "APP", "{AEEADF29-1C98-4CBB-9CBC-B91819C177B8}"
EndProject
Project("{FAE04EC0-301F-11D3-BF4B-00C04F79EFBC}") = "NewJobSearch.App.UWP", "NewJobSearch.App\NewJobSearch.App.UWP\NewJobSearch.App.UWP.csproj", "{0E6314AA-6DD4-40C7-A230-CC1484C8B5E9}"
EndProject
Project("{FAE04EC0-301F-11D3-BF4B-00C04F79EFBC}") = "NewJobSearch.App.Android", "NewJobSearch.App\NewJobSearch.App.Android\NewJobSearch.App.Android.csproj", "{5521288F-6EE0-4DF2-9A63-9079960F9B3E}"
EndProject
Project("{9A19103F-16F7-4668-BE54-9A1E7A4F7556}") = "NewJobSearch.App", "NewJobSearch.App\NewJobSearch.App\NewJobSearch.App.csproj", "{D4B1C02E-C8A8-418D-9DEA-C24082A8FD06}"
EndProject
Global
	GlobalSection(SolutionConfigurationPlatforms) = preSolution
		Debug|Any CPU = Debug|Any CPU
		Debug|ARM = Debug|ARM
		Debug|x64 = Debug|x64
		Debug|x86 = Debug|x86
		Release|Any CPU = Release|Any CPU
		Release|ARM = Release|ARM
		Release|x64 = Release|x64
		Release|x86 = Release|x86
	EndGlobalSection
	GlobalSection(ProjectConfigurationPlatforms) = postSolution
		{DA401E3E-DD95-4007-A088-413D4DE766DB}.Debug|Any CPU.ActiveCfg = Debug|Any CPU
		{DA401E3E-DD95-4007-A088-413D4DE766DB}.Debug|Any CPU.Build.0 = Debug|Any CPU
		{DA401E3E-DD95-4007-A088-413D4DE766DB}.Debug|ARM.ActiveCfg = Debug|Any CPU
		{DA401E3E-DD95-4007-A088-413D4DE766DB}.Debug|ARM.Build.0 = Debug|Any CPU
		{DA401E3E-DD95-4007-A088-413D4DE766DB}.Debug|x64.ActiveCfg = Debug|Any CPU
		{DA401E3E-DD95-4007-A088-413D4DE766DB}.Debug|x64.Build.0 = Debug|Any CPU
		{DA401E3E-DD95-4007-A088-413D4DE766DB}.Debug|x86.ActiveCfg = Debug|Any CPU
		{DA401E3E-DD95-4007-A088-413D4DE766DB}.Debug|x86.Build.0 = Debug|Any CPU
		{DA401E3E-DD95-4007-A088-413D4DE766DB}.Release|Any CPU.ActiveCfg = Release|Any CPU
		{DA401E3E-DD95-4007-A088-413D4DE766DB}.Release|Any CPU.Build.0 = Release|Any CPU
		{DA401E3E-DD95-4007-A088-413D4DE766DB}.Release|ARM.ActiveCfg = Release|Any CPU
		{DA401E3E-DD95-4007-A088-413D4DE766DB}.Release|ARM.Build.0 = Release|Any CPU
		{DA401E3E-DD95-4007-A088-413D4DE766DB}.Release|x64.ActiveCfg = Release|Any CPU
		{DA401E3E-DD95-4007-A088-413D4DE766DB}.Release|x64.Build.0 = Release|Any CPU
		{DA401E3E-DD95-4007-A088-413D4DE766DB}.Release|x86.ActiveCfg = Release|Any CPU
		{DA401E3E-DD95-4007-A088-413D4DE766DB}.Release|x86.Build.0 = Release|Any CPU
		{686A40B0-8437-4403-9C44-56A53BF1565D}.Debug|Any CPU.ActiveCfg = Debug|Any CPU
		{686A40B0-8437-4403-9C44-56A53BF1565D}.Debug|Any CPU.Build.0 = Debug|Any CPU
		{686A40B0-8437-4403-9C44-56A53BF1565D}.Debug|ARM.ActiveCfg = Debug|Any CPU
		{686A40B0-8437-4403-9C44-56A53BF1565D}.Debug|ARM.Build.0 = Debug|Any CPU
		{686A40B0-8437-4403-9C44-56A53BF1565D}.Debug|x64.ActiveCfg = Debug|Any CPU
		{686A40B0-8437-4403-9C44-56A53BF1565D}.Debug|x64.Build.0 = Debug|Any CPU
		{686A40B0-8437-4403-9C44-56A53BF1565D}.Debug|x86.ActiveCfg = Debug|Any CPU
		{686A40B0-8437-4403-9C44-56A53BF1565D}.Debug|x86.Build.0 = Debug|Any CPU
		{686A40B0-8437-4403-9C44-56A53BF1565D}.Release|Any CPU.ActiveCfg = Release|Any CPU
		{686A40B0-8437-4403-9C44-56A53BF1565D}.Release|Any CPU.Build.0 = Release|Any CPU
		{686A40B0-8437-4403-9C44-56A53BF1565D}.Release|ARM.ActiveCfg = Release|Any CPU
		{686A40B0-8437-4403-9C44-56A53BF1565D}.Release|ARM.Build.0 = Release|Any CPU
		{686A40B0-8437-4403-9C44-56A53BF1565D}.Release|x64.ActiveCfg = Release|Any CPU
		{686A40B0-8437-4403-9C44-56A53BF1565D}.Release|x64.Build.0 = Release|Any CPU
		{686A40B0-8437-4403-9C44-56A53BF1565D}.Release|x86.ActiveCfg = Release|Any CPU
		{686A40B0-8437-4403-9C44-56A53BF1565D}.Release|x86.Build.0 = Release|Any CPU
		{0E6314AA-6DD4-40C7-A230-CC1484C8B5E9}.Debug|Any CPU.ActiveCfg = Debug|x86
		{0E6314AA-6DD4-40C7-A230-CC1484C8B5E9}.Debug|Any CPU.Build.0 = Debug|x86
		{0E6314AA-6DD4-40C7-A230-CC1484C8B5E9}.Debug|Any CPU.Deploy.0 = Debug|x86
		{0E6314AA-6DD4-40C7-A230-CC1484C8B5E9}.Debug|ARM.ActiveCfg = Debug|ARM
		{0E6314AA-6DD4-40C7-A230-CC1484C8B5E9}.Debug|ARM.Build.0 = Debug|ARM
		{0E6314AA-6DD4-40C7-A230-CC1484C8B5E9}.Debug|ARM.Deploy.0 = Debug|ARM
		{0E6314AA-6DD4-40C7-A230-CC1484C8B5E9}.Debug|x64.ActiveCfg = Debug|x64
		{0E6314AA-6DD4-40C7-A230-CC1484C8B5E9}.Debug|x64.Build.0 = Debug|x64
		{0E6314AA-6DD4-40C7-A230-CC1484C8B5E9}.Debug|x64.Deploy.0 = Debug|x64
		{0E6314AA-6DD4-40C7-A230-CC1484C8B5E9}.Debug|x86.ActiveCfg = Debug|x86
		{0E6314AA-6DD4-40C7-A230-CC1484C8B5E9}.Debug|x86.Build.0 = Debug|x86
		{0E6314AA-6DD4-40C7-A230-CC1484C8B5E9}.Debug|x86.Deploy.0 = Debug|x86
		{0E6314AA-6DD4-40C7-A230-CC1484C8B5E9}.Release|Any CPU.ActiveCfg = Release|x86
		{0E6314AA-6DD4-40C7-A230-CC1484C8B5E9}.Release|ARM.ActiveCfg = Release|ARM
		{0E6314AA-6DD4-40C7-A230-CC1484C8B5E9}.Release|ARM.Build.0 = Release|ARM
		{0E6314AA-6DD4-40C7-A230-CC1484C8B5E9}.Release|ARM.Deploy.0 = Release|ARM
		{0E6314AA-6DD4-40C7-A230-CC1484C8B5E9}.Release|x64.ActiveCfg = Release|x64
		{0E6314AA-6DD4-40C7-A230-CC1484C8B5E9}.Release|x64.Build.0 = Release|x64
		{0E6314AA-6DD4-40C7-A230-CC1484C8B5E9}.Release|x64.Deploy.0 = Release|x64
		{0E6314AA-6DD4-40C7-A230-CC1484C8B5E9}.Release|x86.ActiveCfg = Release|x86
		{0E6314AA-6DD4-40C7-A230-CC1484C8B5E9}.Release|x86.Build.0 = Release|x86
		{0E6314AA-6DD4-40C7-A230-CC1484C8B5E9}.Release|x86.Deploy.0 = Release|x86
		{5521288F-6EE0-4DF2-9A63-9079960F9B3E}.Debug|Any CPU.ActiveCfg = Debug|Any CPU
		{5521288F-6EE0-4DF2-9A63-9079960F9B3E}.Debug|Any CPU.Build.0 = Debug|Any CPU
		{5521288F-6EE0-4DF2-9A63-9079960F9B3E}.Debug|Any CPU.Deploy.0 = Debug|Any CPU
		{5521288F-6EE0-4DF2-9A63-9079960F9B3E}.Debug|ARM.ActiveCfg = Debug|Any CPU
		{5521288F-6EE0-4DF2-9A63-9079960F9B3E}.Debug|ARM.Build.0 = Debug|Any CPU
		{5521288F-6EE0-4DF2-9A63-9079960F9B3E}.Debug|ARM.Deploy.0 = Debug|Any CPU
		{5521288F-6EE0-4DF2-9A63-9079960F9B3E}.Debug|x64.ActiveCfg = Debug|Any CPU
		{5521288F-6EE0-4DF2-9A63-9079960F9B3E}.Debug|x64.Build.0 = Debug|Any CPU
		{5521288F-6EE0-4DF2-9A63-9079960F9B3E}.Debug|x64.Deploy.0 = Debug|Any CPU
		{5521288F-6EE0-4DF2-9A63-9079960F9B3E}.Debug|x86.ActiveCfg = Debug|Any CPU
		{5521288F-6EE0-4DF2-9A63-9079960F9B3E}.Debug|x86.Build.0 = Debug|Any CPU
		{5521288F-6EE0-4DF2-9A63-9079960F9B3E}.Debug|x86.Deploy.0 = Debug|Any CPU
		{5521288F-6EE0-4DF2-9A63-9079960F9B3E}.Release|Any CPU.ActiveCfg = Release|Any CPU
		{5521288F-6EE0-4DF2-9A63-9079960F9B3E}.Release|Any CPU.Build.0 = Release|Any CPU
		{5521288F-6EE0-4DF2-9A63-9079960F9B3E}.Release|Any CPU.Deploy.0 = Release|Any CPU
		{5521288F-6EE0-4DF2-9A63-9079960F9B3E}.Release|ARM.ActiveCfg = Release|Any CPU
		{5521288F-6EE0-4DF2-9A63-9079960F9B3E}.Release|ARM.Build.0 = Release|Any CPU
		{5521288F-6EE0-4DF2-9A63-9079960F9B3E}.Release|ARM.Deploy.0 = Release|Any CPU
		{5521288F-6EE0-4DF2-9A63-9079960F9B3E}.Release|x64.ActiveCfg = Release|Any CPU
		{5521288F-6EE0-4DF2-9A63-9079960F9B3E}.Release|x64.Build.0 = Release|Any CPU
		{5521288F-6EE0-4DF2-9A63-9079960F9B3E}.Release|x64.Deploy.0 = Release|Any CPU
		{5521288F-6EE0-4DF2-9A63-9079960F9B3E}.Release|x86.ActiveCfg = Release|Any CPU
		{5521288F-6EE0-4DF2-9A63-9079960F9B3E}.Release|x86.Build.0 = Release|Any CPU
		{5521288F-6EE0-4DF2-9A63-9079960F9B3E}.Release|x86.Deploy.0 = Release|Any CPU
		{D4B1C02E-C8A8-418D-9DEA-C24082A8FD06}.Debug|Any CPU.ActiveCfg = Debug|Any CPU
		{D4B1C02E-C8A8-418D-9DEA-C24082A8FD06}.Debug|Any CPU.Build.0 = Debug|Any CPU
		{D4B1C02E-C8A8-418D-9DEA-C24082A8FD06}.Debug|ARM.ActiveCfg = Debug|Any CPU
		{D4B1C02E-C8A8-418D-9DEA-C24082A8FD06}.Debug|ARM.Build.0 = Debug|Any CPU
		{D4B1C02E-C8A8-418D-9DEA-C24082A8FD06}.Debug|x64.ActiveCfg = Debug|Any CPU
		{D4B1C02E-C8A8-418D-9DEA-C24082A8FD06}.Debug|x64.Build.0 = Debug|Any CPU
		{D4B1C02E-C8A8-418D-9DEA-C24082A8FD06}.Debug|x86.ActiveCfg = Debug|Any CPU
		{D4B1C02E-C8A8-418D-9DEA-C24082A8FD06}.Debug|x86.Build.0 = Debug|Any CPU
		{D4B1C02E-C8A8-418D-9DEA-C24082A8FD06}.Release|Any CPU.ActiveCfg = Release|Any CPU
		{D4B1C02E-C8A8-418D-9DEA-C24082A8FD06}.Release|Any CPU.Build.0 = Release|Any CPU
		{D4B1C02E-C8A8-418D-9DEA-C24082A8FD06}.Release|ARM.ActiveCfg = Release|Any CPU
		{D4B1C02E-C8A8-418D-9DEA-C24082A8FD06}.Release|ARM.Build.0 = Release|Any CPU
		{D4B1C02E-C8A8-418D-9DEA-C24082A8FD06}.Release|x64.ActiveCfg = Release|Any CPU
		{D4B1C02E-C8A8-418D-9DEA-C24082A8FD06}.Release|x64.Build.0 = Release|Any CPU
		{D4B1C02E-C8A8-418D-9DEA-C24082A8FD06}.Release|x86.ActiveCfg = Release|Any CPU
		{D4B1C02E-C8A8-418D-9DEA-C24082A8FD06}.Release|x86.Build.0 = Release|Any CPU
	EndGlobalSection
	GlobalSection(SolutionProperties) = preSolution
		HideSolutionNode = FALSE
	EndGlobalSection
	GlobalSection(NestedProjects) = preSolution
		{DA401E3E-DD95-4007-A088-413D4DE766DB} = {80CAABF1-9AB3-4C8D-9FB3-1DD89717DF6E}
		{686A40B0-8437-4403-9C44-56A53BF1565D} = {23BCB688-CDAF-4A08-B785-1F0152A0C86D}
		{0E6314AA-6DD4-40C7-A230-CC1484C8B5E9} = {AEEADF29-1C98-4CBB-9CBC-B91819C177B8}
		{5521288F-6EE0-4DF2-9A63-9079960F9B3E} = {AEEADF29-1C98-4CBB-9CBC-B91819C177B8}
		{D4B1C02E-C8A8-418D-9DEA-C24082A8FD06} = {AEEADF29-1C98-4CBB-9CBC-B91819C177B8}
	EndGlobalSection
	GlobalSection(ExtensibilityGlobals) = postSolution
		SolutionGuid = {FA37093B-BFA2-4A05-B55F-97213F692BC4}
	EndGlobalSection
EndGlobal
